
Microsoft Visual Studio Solution File, Format Version 12.00
# Visual Studio Version 16
VisualStudioVersion = 16.0.29728.190
MinimumVisualStudioVersion = 10.0.40219.1
Project("{9A19103F-16F7-4668-BE54-9A1E7A4F7556}") = "SecretSanta.Web", "SecretSanta.Web\SecretSanta.Web.csproj", "{5B1607DD-5918-44E5-A655-7197B2110430}"
EndProject
Project("{9A19103F-16F7-4668-BE54-9A1E7A4F7556}") = "SecretSanta.Authentication", "SecretSanta.Authentication\SecretSanta.Authentication.csproj", "{3702651E-0E43-4128-B8A9-53BED05D20BB}"
EndProject
Project("{9A19103F-16F7-4668-BE54-9A1E7A4F7556}") = "SecretSanta.Data", "SecretSanta.Data\SecretSanta.Data.csproj", "{C87762DF-E09C-4AF8-94BF-47D4C3C9C1DD}"
EndProject
Project("{9A19103F-16F7-4668-BE54-9A1E7A4F7556}") = "SecretSanta.Models", "SecretSanta.Models\SecretSanta.Models.csproj", "{2C256A9D-EC8C-4A84-9FB8-D4ECADC2C6CE}"
EndProject
Project("{9A19103F-16F7-4668-BE54-9A1E7A4F7556}") = "SecretSanta.Providers", "SecretSanta.Providers\SecretSanta.Providers.csproj", "{B1F94FE4-DD26-42CE-A1AC-B1F814CD6049}"
EndProject
Project("{9A19103F-16F7-4668-BE54-9A1E7A4F7556}") = "SecretSanta.Services", "SecretSanta.Services\SecretSanta.Services.csproj", "{031F53C1-3A2F-476B-A026-DA651978E905}"
EndProject
Project("{9A19103F-16F7-4668-BE54-9A1E7A4F7556}") = "SecretSanta.Factories", "SecretSanta.Factories\SecretSanta.Factories.csproj", "{EE5F2627-ACE6-4B33-AF4B-310864A1814A}"
EndProject
Project("{9A19103F-16F7-4668-BE54-9A1E7A4F7556}") = "SecretSanta.Common", "SecretSanta.Common\SecretSanta.Common.csproj", "{8380FCFD-D032-42C3-9C87-DCDD68BFF78F}"
EndProject
Project("{9A19103F-16F7-4668-BE54-9A1E7A4F7556}") = "SecretSanta.Infrastructure", "SecretSanta.Infrastructure\SecretSanta.Infrastructure.csproj", "{7F111464-88C7-491C-A35B-86B88C607622}"
EndProject
Project("{2150E333-8FDC-42A3-9474-1A3956D46DE8}") = "Core", "Core", "{75767F95-974E-4AF7-8B6F-F52E50D99ACB}"
EndProject
Project("{9A19103F-16F7-4668-BE54-9A1E7A4F7556}") = "SecretSanta.Domain", "SecretSanta.Domain\SecretSanta.Domain.csproj", "{44B9F2C7-99EC-4297-94CB-F6D5F555D1F6}"
EndProject
Project("{9A19103F-16F7-4668-BE54-9A1E7A4F7556}") = "SecretSanta.Application", "SecretSanta.Application\SecretSanta.Application.csproj", "{51502E6F-C8EB-45A7-8250-308E15FD7695}"
EndProject
Project("{2150E333-8FDC-42A3-9474-1A3956D46DE8}") = "Infrastructure", "Infrastructure", "{EFCF88ED-4732-4F15-8B97-98C8C66129A2}"
EndProject
Project("{9A19103F-16F7-4668-BE54-9A1E7A4F7556}") = "SecretSanta.Persistence", "SecretSanta.Persistence\SecretSanta.Persistence.csproj", "{77EE9DA1-0075-45D2-A36F-E0DA6512D277}"
EndProject
Project("{9A19103F-16F7-4668-BE54-9A1E7A4F7556}") = "SecretSanta.Identity", "SecretSanta.Identity\SecretSanta.Identity.csproj", "{8B4DAFAE-4327-4D92-A9B8-3C88801B37AB}"
EndProject
Project("{2150E333-8FDC-42A3-9474-1A3956D46DE8}") = "Presentation", "Presentation", "{1A85795F-4344-44DF-8E2B-8CD3FA57F995}"
EndProject
Project("{9A19103F-16F7-4668-BE54-9A1E7A4F7556}") = "SecretSanta.API", "SecretSanta.API\SecretSanta.API.csproj", "{F16DB0D1-7841-4E54-8C5C-0336F7AB7EBA}"
EndProject
Project("{2150E333-8FDC-42A3-9474-1A3956D46DE8}") = "Tests", "Tests", "{6D751C78-F08F-4A49-8245-956EBD5DF6ED}"
EndProject
Project("{9A19103F-16F7-4668-BE54-9A1E7A4F7556}") = "SecretSanta.Application.UnitTests", "SecretSanta.Application.UnitTests\SecretSanta.Application.UnitTests.csproj", "{D725C7FA-8A4A-4170-84C3-AEE8C0FB648C}"
EndProject
Project("{9A19103F-16F7-4668-BE54-9A1E7A4F7556}") = "SecretSanta.API.IntegrationTests", "SecretSanta.API.IntegrationTests\SecretSanta.API.IntegrationTests.csproj", "{E49A57AE-2312-478D-AEB6-29F7F59CD5A0}"
EndProject
Global
	GlobalSection(SolutionConfigurationPlatforms) = preSolution
		Debug|Any CPU = Debug|Any CPU
		Release|Any CPU = Release|Any CPU
	EndGlobalSection
	GlobalSection(ProjectConfigurationPlatforms) = postSolution
		{5B1607DD-5918-44E5-A655-7197B2110430}.Debug|Any CPU.ActiveCfg = Debug|Any CPU
		{5B1607DD-5918-44E5-A655-7197B2110430}.Debug|Any CPU.Build.0 = Debug|Any CPU
		{5B1607DD-5918-44E5-A655-7197B2110430}.Release|Any CPU.ActiveCfg = Release|Any CPU
		{5B1607DD-5918-44E5-A655-7197B2110430}.Release|Any CPU.Build.0 = Release|Any CPU
		{3702651E-0E43-4128-B8A9-53BED05D20BB}.Debug|Any CPU.ActiveCfg = Debug|Any CPU
		{3702651E-0E43-4128-B8A9-53BED05D20BB}.Debug|Any CPU.Build.0 = Debug|Any CPU
		{3702651E-0E43-4128-B8A9-53BED05D20BB}.Release|Any CPU.ActiveCfg = Release|Any CPU
		{3702651E-0E43-4128-B8A9-53BED05D20BB}.Release|Any CPU.Build.0 = Release|Any CPU
		{C87762DF-E09C-4AF8-94BF-47D4C3C9C1DD}.Debug|Any CPU.ActiveCfg = Debug|Any CPU
		{C87762DF-E09C-4AF8-94BF-47D4C3C9C1DD}.Debug|Any CPU.Build.0 = Debug|Any CPU
		{C87762DF-E09C-4AF8-94BF-47D4C3C9C1DD}.Release|Any CPU.ActiveCfg = Release|Any CPU
		{C87762DF-E09C-4AF8-94BF-47D4C3C9C1DD}.Release|Any CPU.Build.0 = Release|Any CPU
		{2C256A9D-EC8C-4A84-9FB8-D4ECADC2C6CE}.Debug|Any CPU.ActiveCfg = Debug|Any CPU
		{2C256A9D-EC8C-4A84-9FB8-D4ECADC2C6CE}.Debug|Any CPU.Build.0 = Debug|Any CPU
		{2C256A9D-EC8C-4A84-9FB8-D4ECADC2C6CE}.Release|Any CPU.ActiveCfg = Release|Any CPU
		{2C256A9D-EC8C-4A84-9FB8-D4ECADC2C6CE}.Release|Any CPU.Build.0 = Release|Any CPU
		{B1F94FE4-DD26-42CE-A1AC-B1F814CD6049}.Debug|Any CPU.ActiveCfg = Debug|Any CPU
		{B1F94FE4-DD26-42CE-A1AC-B1F814CD6049}.Debug|Any CPU.Build.0 = Debug|Any CPU
		{B1F94FE4-DD26-42CE-A1AC-B1F814CD6049}.Release|Any CPU.ActiveCfg = Release|Any CPU
		{B1F94FE4-DD26-42CE-A1AC-B1F814CD6049}.Release|Any CPU.Build.0 = Release|Any CPU
		{031F53C1-3A2F-476B-A026-DA651978E905}.Debug|Any CPU.ActiveCfg = Debug|Any CPU
		{031F53C1-3A2F-476B-A026-DA651978E905}.Debug|Any CPU.Build.0 = Debug|Any CPU
		{031F53C1-3A2F-476B-A026-DA651978E905}.Release|Any CPU.ActiveCfg = Release|Any CPU
		{031F53C1-3A2F-476B-A026-DA651978E905}.Release|Any CPU.Build.0 = Release|Any CPU
		{EE5F2627-ACE6-4B33-AF4B-310864A1814A}.Debug|Any CPU.ActiveCfg = Debug|Any CPU
		{EE5F2627-ACE6-4B33-AF4B-310864A1814A}.Debug|Any CPU.Build.0 = Debug|Any CPU
		{EE5F2627-ACE6-4B33-AF4B-310864A1814A}.Release|Any CPU.ActiveCfg = Release|Any CPU
		{EE5F2627-ACE6-4B33-AF4B-310864A1814A}.Release|Any CPU.Build.0 = Release|Any CPU
		{8380FCFD-D032-42C3-9C87-DCDD68BFF78F}.Debug|Any CPU.ActiveCfg = Debug|Any CPU
		{8380FCFD-D032-42C3-9C87-DCDD68BFF78F}.Debug|Any CPU.Build.0 = Debug|Any CPU
		{8380FCFD-D032-42C3-9C87-DCDD68BFF78F}.Release|Any CPU.ActiveCfg = Release|Any CPU
		{8380FCFD-D032-42C3-9C87-DCDD68BFF78F}.Release|Any CPU.Build.0 = Release|Any CPU
		{7F111464-88C7-491C-A35B-86B88C607622}.Debug|Any CPU.ActiveCfg = Debug|Any CPU
		{7F111464-88C7-491C-A35B-86B88C607622}.Debug|Any CPU.Build.0 = Debug|Any CPU
		{7F111464-88C7-491C-A35B-86B88C607622}.Release|Any CPU.ActiveCfg = Release|Any CPU
		{7F111464-88C7-491C-A35B-86B88C607622}.Release|Any CPU.Build.0 = Release|Any CPU
		{44B9F2C7-99EC-4297-94CB-F6D5F555D1F6}.Debug|Any CPU.ActiveCfg = Debug|Any CPU
		{44B9F2C7-99EC-4297-94CB-F6D5F555D1F6}.Debug|Any CPU.Build.0 = Debug|Any CPU
		{44B9F2C7-99EC-4297-94CB-F6D5F555D1F6}.Release|Any CPU.ActiveCfg = Release|Any CPU
		{44B9F2C7-99EC-4297-94CB-F6D5F555D1F6}.Release|Any CPU.Build.0 = Release|Any CPU
		{51502E6F-C8EB-45A7-8250-308E15FD7695}.Debug|Any CPU.ActiveCfg = Debug|Any CPU
		{51502E6F-C8EB-45A7-8250-308E15FD7695}.Debug|Any CPU.Build.0 = Debug|Any CPU
		{51502E6F-C8EB-45A7-8250-308E15FD7695}.Release|Any CPU.ActiveCfg = Release|Any CPU
		{51502E6F-C8EB-45A7-8250-308E15FD7695}.Release|Any CPU.Build.0 = Release|Any CPU
		{77EE9DA1-0075-45D2-A36F-E0DA6512D277}.Debug|Any CPU.ActiveCfg = Debug|Any CPU
		{77EE9DA1-0075-45D2-A36F-E0DA6512D277}.Debug|Any CPU.Build.0 = Debug|Any CPU
		{77EE9DA1-0075-45D2-A36F-E0DA6512D277}.Release|Any CPU.ActiveCfg = Release|Any CPU
		{77EE9DA1-0075-45D2-A36F-E0DA6512D277}.Release|Any CPU.Build.0 = Release|Any CPU
		{8B4DAFAE-4327-4D92-A9B8-3C88801B37AB}.Debug|Any CPU.ActiveCfg = Debug|Any CPU
		{8B4DAFAE-4327-4D92-A9B8-3C88801B37AB}.Debug|Any CPU.Build.0 = Debug|Any CPU
		{8B4DAFAE-4327-4D92-A9B8-3C88801B37AB}.Release|Any CPU.ActiveCfg = Release|Any CPU
		{8B4DAFAE-4327-4D92-A9B8-3C88801B37AB}.Release|Any CPU.Build.0 = Release|Any CPU
		{F16DB0D1-7841-4E54-8C5C-0336F7AB7EBA}.Debug|Any CPU.ActiveCfg = Debug|Any CPU
		{F16DB0D1-7841-4E54-8C5C-0336F7AB7EBA}.Debug|Any CPU.Build.0 = Debug|Any CPU
		{F16DB0D1-7841-4E54-8C5C-0336F7AB7EBA}.Release|Any CPU.ActiveCfg = Release|Any CPU
		{F16DB0D1-7841-4E54-8C5C-0336F7AB7EBA}.Release|Any CPU.Build.0 = Release|Any CPU
		{D725C7FA-8A4A-4170-84C3-AEE8C0FB648C}.Debug|Any CPU.ActiveCfg = Debug|Any CPU
		{D725C7FA-8A4A-4170-84C3-AEE8C0FB648C}.Debug|Any CPU.Build.0 = Debug|Any CPU
		{D725C7FA-8A4A-4170-84C3-AEE8C0FB648C}.Release|Any CPU.ActiveCfg = Release|Any CPU
		{D725C7FA-8A4A-4170-84C3-AEE8C0FB648C}.Release|Any CPU.Build.0 = Release|Any CPU
		{E49A57AE-2312-478D-AEB6-29F7F59CD5A0}.Debug|Any CPU.ActiveCfg = Debug|Any CPU
		{E49A57AE-2312-478D-AEB6-29F7F59CD5A0}.Debug|Any CPU.Build.0 = Debug|Any CPU
		{E49A57AE-2312-478D-AEB6-29F7F59CD5A0}.Release|Any CPU.ActiveCfg = Release|Any CPU
		{E49A57AE-2312-478D-AEB6-29F7F59CD5A0}.Release|Any CPU.Build.0 = Release|Any CPU
	EndGlobalSection
	GlobalSection(SolutionProperties) = preSolution
		HideSolutionNode = FALSE
	EndGlobalSection
	GlobalSection(NestedProjects) = preSolution
		{44B9F2C7-99EC-4297-94CB-F6D5F555D1F6} = {75767F95-974E-4AF7-8B6F-F52E50D99ACB}
		{51502E6F-C8EB-45A7-8250-308E15FD7695} = {75767F95-974E-4AF7-8B6F-F52E50D99ACB}
		{77EE9DA1-0075-45D2-A36F-E0DA6512D277} = {EFCF88ED-4732-4F15-8B97-98C8C66129A2}
		{8B4DAFAE-4327-4D92-A9B8-3C88801B37AB} = {EFCF88ED-4732-4F15-8B97-98C8C66129A2}
		{F16DB0D1-7841-4E54-8C5C-0336F7AB7EBA} = {1A85795F-4344-44DF-8E2B-8CD3FA57F995}
		{D725C7FA-8A4A-4170-84C3-AEE8C0FB648C} = {6D751C78-F08F-4A49-8245-956EBD5DF6ED}
		{E49A57AE-2312-478D-AEB6-29F7F59CD5A0} = {6D751C78-F08F-4A49-8245-956EBD5DF6ED}
	EndGlobalSection
	GlobalSection(ExtensibilityGlobals) = postSolution
		SolutionGuid = {135DF9C1-E1D2-40C0-856A-9D27C83258E0}
	EndGlobalSection
EndGlobal
