
Microsoft Visual Studio Solution File, Format Version 12.00
# Visual Studio 15
VisualStudioVersion = 15.0.26730.16
MinimumVisualStudioVersion = 10.0.40219.1
Project("{FAE04EC0-301F-11D3-BF4B-00C04F79EFBC}") = "SecretSanta.Web", "SecretSanta.Web\SecretSanta.Web.csproj", "{5B1607DD-5918-44E5-A655-7197B2110430}"
EndProject
Global
	GlobalSection(SolutionConfigurationPlatforms) = preSolution
		Debug|Any CPU = Debug|Any CPU
		Release|Any CPU = Release|Any CPU
	EndGlobalSection
	GlobalSection(ProjectConfigurationPlatforms) = postSolution
		{5B1607DD-5918-44E5-A655-7197B2110430}.Debug|Any CPU.ActiveCfg = Debug|Any CPU
		{5B1607DD-5918-44E5-A655-7197B2110430}.Debug|Any CPU.Build.0 = Debug|Any CPU
		{5B1607DD-5918-44E5-A655-7197B2110430}.Release|Any CPU.ActiveCfg = Release|Any CPU
		{5B1607DD-5918-44E5-A655-7197B2110430}.Release|Any CPU.Build.0 = Release|Any CPU
	EndGlobalSection
	GlobalSection(SolutionProperties) = preSolution
		HideSolutionNode = FALSE
	EndGlobalSection
	GlobalSection(ExtensibilityGlobals) = postSolution
		SolutionGuid = {135DF9C1-E1D2-40C0-856A-9D27C83258E0}
	EndGlobalSection
EndGlobal
